
Microsoft Visual Studio Solution File, Format Version 12.00
# Visual Studio Version 17
VisualStudioVersion = 17.4.33403.182
MinimumVisualStudioVersion = 10.0.40219.1
Project("{8BC9CEB8-8B4A-11D0-8D11-00A0C91BC942}") = "CPP_Section12", "CPP_Section12.vcxproj", "{FF3E18C1-09BD-48AE-A282-76ACC289C6B4}"
EndProject
Project("{8BC9CEB8-8B4A-11D0-8D11-00A0C91BC942}") = "Dereferencing", "..\Dereferencing\Dereferencing.vcxproj", "{C44EEFDA-9A3B-46B9-B318-7A5E89A0976F}"
EndProject
Project("{8BC9CEB8-8B4A-11D0-8D11-00A0C91BC942}") = "DynamicMemory", "..\DynamicMemory\DynamicMemory.vcxproj", "{2363B8DA-0B89-4290-AF81-5008D5CDE519}"
EndProject
Project("{8BC9CEB8-8B4A-11D0-8D11-00A0C91BC942}") = "arraysAndPointers", "..\arraysAndPointers\arraysAndPointers.vcxproj", "{490B73FB-7FE7-449A-A875-0B3AEA1A34C6}"
EndProject
Project("{8BC9CEB8-8B4A-11D0-8D11-00A0C91BC942}") = "pointerArithmetic", "..\pointerArithmetic\pointerArithmetic.vcxproj", "{F57DEE81-D6FE-4C3E-A760-DFA50521DAF9}"
EndProject
Project("{8BC9CEB8-8B4A-11D0-8D11-00A0C91BC942}") = "passingPointersToFunctions", "..\passingPointersToFunctions\passingPointersToFunctions.vcxproj", "{8D1DB2D7-B5DD-421A-9151-F29F6E0A08BA}"
EndProject
Global
	GlobalSection(SolutionConfigurationPlatforms) = preSolution
		Debug|x64 = Debug|x64
		Debug|x86 = Debug|x86
		Release|x64 = Release|x64
		Release|x86 = Release|x86
	EndGlobalSection
	GlobalSection(ProjectConfigurationPlatforms) = postSolution
		{FF3E18C1-09BD-48AE-A282-76ACC289C6B4}.Debug|x64.ActiveCfg = Debug|x64
		{FF3E18C1-09BD-48AE-A282-76ACC289C6B4}.Debug|x64.Build.0 = Debug|x64
		{FF3E18C1-09BD-48AE-A282-76ACC289C6B4}.Debug|x86.ActiveCfg = Debug|Win32
		{FF3E18C1-09BD-48AE-A282-76ACC289C6B4}.Debug|x86.Build.0 = Debug|Win32
		{FF3E18C1-09BD-48AE-A282-76ACC289C6B4}.Release|x64.ActiveCfg = Release|x64
		{FF3E18C1-09BD-48AE-A282-76ACC289C6B4}.Release|x64.Build.0 = Release|x64
		{FF3E18C1-09BD-48AE-A282-76ACC289C6B4}.Release|x86.ActiveCfg = Release|Win32
		{FF3E18C1-09BD-48AE-A282-76ACC289C6B4}.Release|x86.Build.0 = Release|Win32
		{C44EEFDA-9A3B-46B9-B318-7A5E89A0976F}.Debug|x64.ActiveCfg = Debug|x64
		{C44EEFDA-9A3B-46B9-B318-7A5E89A0976F}.Debug|x64.Build.0 = Debug|x64
		{C44EEFDA-9A3B-46B9-B318-7A5E89A0976F}.Debug|x86.ActiveCfg = Debug|Win32
		{C44EEFDA-9A3B-46B9-B318-7A5E89A0976F}.Debug|x86.Build.0 = Debug|Win32
		{C44EEFDA-9A3B-46B9-B318-7A5E89A0976F}.Release|x64.ActiveCfg = Release|x64
		{C44EEFDA-9A3B-46B9-B318-7A5E89A0976F}.Release|x64.Build.0 = Release|x64
		{C44EEFDA-9A3B-46B9-B318-7A5E89A0976F}.Release|x86.ActiveCfg = Release|Win32
		{C44EEFDA-9A3B-46B9-B318-7A5E89A0976F}.Release|x86.Build.0 = Release|Win32
		{2363B8DA-0B89-4290-AF81-5008D5CDE519}.Debug|x64.ActiveCfg = Debug|x64
		{2363B8DA-0B89-4290-AF81-5008D5CDE519}.Debug|x64.Build.0 = Debug|x64
		{2363B8DA-0B89-4290-AF81-5008D5CDE519}.Debug|x86.ActiveCfg = Debug|Win32
		{2363B8DA-0B89-4290-AF81-5008D5CDE519}.Debug|x86.Build.0 = Debug|Win32
		{2363B8DA-0B89-4290-AF81-5008D5CDE519}.Release|x64.ActiveCfg = Release|x64
		{2363B8DA-0B89-4290-AF81-5008D5CDE519}.Release|x64.Build.0 = Release|x64
		{2363B8DA-0B89-4290-AF81-5008D5CDE519}.Release|x86.ActiveCfg = Release|Win32
		{2363B8DA-0B89-4290-AF81-5008D5CDE519}.Release|x86.Build.0 = Release|Win32
		{490B73FB-7FE7-449A-A875-0B3AEA1A34C6}.Debug|x64.ActiveCfg = Debug|x64
		{490B73FB-7FE7-449A-A875-0B3AEA1A34C6}.Debug|x64.Build.0 = Debug|x64
		{490B73FB-7FE7-449A-A875-0B3AEA1A34C6}.Debug|x86.ActiveCfg = Debug|Win32
		{490B73FB-7FE7-449A-A875-0B3AEA1A34C6}.Debug|x86.Build.0 = Debug|Win32
		{490B73FB-7FE7-449A-A875-0B3AEA1A34C6}.Release|x64.ActiveCfg = Release|x64
		{490B73FB-7FE7-449A-A875-0B3AEA1A34C6}.Release|x64.Build.0 = Release|x64
		{490B73FB-7FE7-449A-A875-0B3AEA1A34C6}.Release|x86.ActiveCfg = Release|Win32
		{490B73FB-7FE7-449A-A875-0B3AEA1A34C6}.Release|x86.Build.0 = Release|Win32
		{F57DEE81-D6FE-4C3E-A760-DFA50521DAF9}.Debug|x64.ActiveCfg = Debug|x64
		{F57DEE81-D6FE-4C3E-A760-DFA50521DAF9}.Debug|x64.Build.0 = Debug|x64
		{F57DEE81-D6FE-4C3E-A760-DFA50521DAF9}.Debug|x86.ActiveCfg = Debug|Win32
		{F57DEE81-D6FE-4C3E-A760-DFA50521DAF9}.Debug|x86.Build.0 = Debug|Win32
		{F57DEE81-D6FE-4C3E-A760-DFA50521DAF9}.Release|x64.ActiveCfg = Release|x64
		{F57DEE81-D6FE-4C3E-A760-DFA50521DAF9}.Release|x64.Build.0 = Release|x64
		{F57DEE81-D6FE-4C3E-A760-DFA50521DAF9}.Release|x86.ActiveCfg = Release|Win32
		{F57DEE81-D6FE-4C3E-A760-DFA50521DAF9}.Release|x86.Build.0 = Release|Win32
		{8D1DB2D7-B5DD-421A-9151-F29F6E0A08BA}.Debug|x64.ActiveCfg = Debug|x64
		{8D1DB2D7-B5DD-421A-9151-F29F6E0A08BA}.Debug|x64.Build.0 = Debug|x64
		{8D1DB2D7-B5DD-421A-9151-F29F6E0A08BA}.Debug|x86.ActiveCfg = Debug|Win32
		{8D1DB2D7-B5DD-421A-9151-F29F6E0A08BA}.Debug|x86.Build.0 = Debug|Win32
		{8D1DB2D7-B5DD-421A-9151-F29F6E0A08BA}.Release|x64.ActiveCfg = Release|x64
		{8D1DB2D7-B5DD-421A-9151-F29F6E0A08BA}.Release|x64.Build.0 = Release|x64
		{8D1DB2D7-B5DD-421A-9151-F29F6E0A08BA}.Release|x86.ActiveCfg = Release|Win32
		{8D1DB2D7-B5DD-421A-9151-F29F6E0A08BA}.Release|x86.Build.0 = Release|Win32
	EndGlobalSection
	GlobalSection(SolutionProperties) = preSolution
		HideSolutionNode = FALSE
	EndGlobalSection
	GlobalSection(ExtensibilityGlobals) = postSolution
		SolutionGuid = {B276075C-75D4-411A-A340-D066F03CBB2B}
	EndGlobalSection
EndGlobal
